
Microsoft Visual Studio Solution File, Format Version 12.00
# Visual Studio Version 17
VisualStudioVersion = 17.3.32825.248
MinimumVisualStudioVersion = 10.0.40219.1
Project("{9A19103F-16F7-4668-BE54-9A1E7A4F7556}") = "Inwentaryzacja.Server", "Inwentaryzacja\Server\Inwentaryzacja.Server.csproj", "{9CF9CBBF-7783-47A4-B364-7D92BC8299A1}"
EndProject
Project("{9A19103F-16F7-4668-BE54-9A1E7A4F7556}") = "Inwentaryzacja.Client", "Inwentaryzacja\Client\Inwentaryzacja.Client.csproj", "{CDF25FF0-89E5-488A-A87D-74673FE269F0}"
EndProject
Project("{9A19103F-16F7-4668-BE54-9A1E7A4F7556}") = "Inwentaryzacja.Shared", "Inwentaryzacja\Shared\Inwentaryzacja.Shared.csproj", "{A8AF2C94-30E8-4D6C-9C53-4A3C1DCAA0A1}"
EndProject
Global
	GlobalSection(SolutionConfigurationPlatforms) = preSolution
		Debug|Any CPU = Debug|Any CPU
		Release|Any CPU = Release|Any CPU
	EndGlobalSection
	GlobalSection(ProjectConfigurationPlatforms) = postSolution
		{9CF9CBBF-7783-47A4-B364-7D92BC8299A1}.Debug|Any CPU.ActiveCfg = Debug|Any CPU
		{9CF9CBBF-7783-47A4-B364-7D92BC8299A1}.Debug|Any CPU.Build.0 = Debug|Any CPU
		{9CF9CBBF-7783-47A4-B364-7D92BC8299A1}.Release|Any CPU.ActiveCfg = Release|Any CPU
		{9CF9CBBF-7783-47A4-B364-7D92BC8299A1}.Release|Any CPU.Build.0 = Release|Any CPU
		{CDF25FF0-89E5-488A-A87D-74673FE269F0}.Debug|Any CPU.ActiveCfg = Debug|Any CPU
		{CDF25FF0-89E5-488A-A87D-74673FE269F0}.Debug|Any CPU.Build.0 = Debug|Any CPU
		{CDF25FF0-89E5-488A-A87D-74673FE269F0}.Release|Any CPU.ActiveCfg = Release|Any CPU
		{CDF25FF0-89E5-488A-A87D-74673FE269F0}.Release|Any CPU.Build.0 = Release|Any CPU
		{A8AF2C94-30E8-4D6C-9C53-4A3C1DCAA0A1}.Debug|Any CPU.ActiveCfg = Debug|Any CPU
		{A8AF2C94-30E8-4D6C-9C53-4A3C1DCAA0A1}.Debug|Any CPU.Build.0 = Debug|Any CPU
		{A8AF2C94-30E8-4D6C-9C53-4A3C1DCAA0A1}.Release|Any CPU.ActiveCfg = Release|Any CPU
		{A8AF2C94-30E8-4D6C-9C53-4A3C1DCAA0A1}.Release|Any CPU.Build.0 = Release|Any CPU
	EndGlobalSection
	GlobalSection(SolutionProperties) = preSolution
		HideSolutionNode = FALSE
	EndGlobalSection
	GlobalSection(ExtensibilityGlobals) = postSolution
		SolutionGuid = {FAA69813-97EB-4CF6-BF84-CA48A8F19BE0}
	EndGlobalSection
EndGlobal
